
Microsoft Visual Studio Solution File, Format Version 12.00
# Visual Studio Version 16
VisualStudioVersion = 16.0.31729.503
MinimumVisualStudioVersion = 10.0.40219.1
Project("{2150E333-8FDC-42A3-9474-1A3956D46DE8}") = "1.API", "1.API", "{882E3291-F55B-486C-A435-28CBCA0F5997}"
EndProject
Project("{2150E333-8FDC-42A3-9474-1A3956D46DE8}") = "2.Domain", "2.Domain", "{2FDC1762-BD4F-49E9-9CA7-7DACB2F3EB1B}"
EndProject
Project("{2150E333-8FDC-42A3-9474-1A3956D46DE8}") = "4.DTO", "4.DTO", "{49511D98-0C8E-490E-A6FB-1B5190B3782B}"
EndProject
Project("{2150E333-8FDC-42A3-9474-1A3956D46DE8}") = "3.Persistence", "3.Persistence", "{B78A24CE-EBBE-4317-8F5F-3E6AC734BA9C}"
EndProject
Project("{9A19103F-16F7-4668-BE54-9A1E7A4F7556}") = "API_Command", "API_Command\API_Command.csproj", "{744E0FC0-8180-4617-9ADC-B40C40E7BC76}"
EndProject
Project("{9A19103F-16F7-4668-BE54-9A1E7A4F7556}") = "API_Query", "API_Query\API_Query.csproj", "{EAA91B65-132A-4D70-88E3-2FFF19B8EF1B}"
EndProject
Project("{9A19103F-16F7-4668-BE54-9A1E7A4F7556}") = "Cqrs_Domain", "Cqrs_Business\Cqrs_Domain.csproj", "{A03E6D12-049C-494C-B987-A5EF52208495}"
EndProject
Project("{FAE04EC0-301F-11D3-BF4B-00C04F79EFBC}") = "Cqrs_DataAccess", "Cqrs_DataAccess\Cqrs_DataAccess.csproj", "{F0A13A77-AEC9-4F20-859B-039B998A162F}"
EndProject
Project("{FAE04EC0-301F-11D3-BF4B-00C04F79EFBC}") = "Cqrs_DTO", "Cqrs_DTO\Cqrs_DTO.csproj", "{1806E958-F6C8-4850-8571-6F4045660AE5}"
EndProject
Global
	GlobalSection(SolutionConfigurationPlatforms) = preSolution
		Debug|Any CPU = Debug|Any CPU
		Release|Any CPU = Release|Any CPU
	EndGlobalSection
	GlobalSection(ProjectConfigurationPlatforms) = postSolution
		{744E0FC0-8180-4617-9ADC-B40C40E7BC76}.Debug|Any CPU.ActiveCfg = Debug|Any CPU
		{744E0FC0-8180-4617-9ADC-B40C40E7BC76}.Debug|Any CPU.Build.0 = Debug|Any CPU
		{744E0FC0-8180-4617-9ADC-B40C40E7BC76}.Release|Any CPU.ActiveCfg = Release|Any CPU
		{744E0FC0-8180-4617-9ADC-B40C40E7BC76}.Release|Any CPU.Build.0 = Release|Any CPU
		{EAA91B65-132A-4D70-88E3-2FFF19B8EF1B}.Debug|Any CPU.ActiveCfg = Debug|Any CPU
		{EAA91B65-132A-4D70-88E3-2FFF19B8EF1B}.Debug|Any CPU.Build.0 = Debug|Any CPU
		{EAA91B65-132A-4D70-88E3-2FFF19B8EF1B}.Release|Any CPU.ActiveCfg = Release|Any CPU
		{EAA91B65-132A-4D70-88E3-2FFF19B8EF1B}.Release|Any CPU.Build.0 = Release|Any CPU
		{A03E6D12-049C-494C-B987-A5EF52208495}.Debug|Any CPU.ActiveCfg = Debug|Any CPU
		{A03E6D12-049C-494C-B987-A5EF52208495}.Debug|Any CPU.Build.0 = Debug|Any CPU
		{A03E6D12-049C-494C-B987-A5EF52208495}.Release|Any CPU.ActiveCfg = Release|Any CPU
		{A03E6D12-049C-494C-B987-A5EF52208495}.Release|Any CPU.Build.0 = Release|Any CPU
		{F0A13A77-AEC9-4F20-859B-039B998A162F}.Debug|Any CPU.ActiveCfg = Debug|Any CPU
		{F0A13A77-AEC9-4F20-859B-039B998A162F}.Debug|Any CPU.Build.0 = Debug|Any CPU
		{F0A13A77-AEC9-4F20-859B-039B998A162F}.Release|Any CPU.ActiveCfg = Release|Any CPU
		{F0A13A77-AEC9-4F20-859B-039B998A162F}.Release|Any CPU.Build.0 = Release|Any CPU
		{1806E958-F6C8-4850-8571-6F4045660AE5}.Debug|Any CPU.ActiveCfg = Debug|Any CPU
		{1806E958-F6C8-4850-8571-6F4045660AE5}.Debug|Any CPU.Build.0 = Debug|Any CPU
		{1806E958-F6C8-4850-8571-6F4045660AE5}.Release|Any CPU.ActiveCfg = Release|Any CPU
		{1806E958-F6C8-4850-8571-6F4045660AE5}.Release|Any CPU.Build.0 = Release|Any CPU
	EndGlobalSection
	GlobalSection(SolutionProperties) = preSolution
		HideSolutionNode = FALSE
	EndGlobalSection
	GlobalSection(NestedProjects) = preSolution
		{744E0FC0-8180-4617-9ADC-B40C40E7BC76} = {882E3291-F55B-486C-A435-28CBCA0F5997}
		{EAA91B65-132A-4D70-88E3-2FFF19B8EF1B} = {882E3291-F55B-486C-A435-28CBCA0F5997}
		{A03E6D12-049C-494C-B987-A5EF52208495} = {2FDC1762-BD4F-49E9-9CA7-7DACB2F3EB1B}
		{F0A13A77-AEC9-4F20-859B-039B998A162F} = {B78A24CE-EBBE-4317-8F5F-3E6AC734BA9C}
		{1806E958-F6C8-4850-8571-6F4045660AE5} = {49511D98-0C8E-490E-A6FB-1B5190B3782B}
	EndGlobalSection
	GlobalSection(ExtensibilityGlobals) = postSolution
		SolutionGuid = {43A309F5-D838-4B0C-8421-A08D387DE51E}
	EndGlobalSection
EndGlobal
